
Microsoft Visual Studio Solution File, Format Version 12.00
# Visual Studio 15
VisualStudioVersion = 15.0.27130.2003
MinimumVisualStudioVersion = 10.0.40219.1
Project("{9A19103F-16F7-4668-BE54-9A1E7A4F7556}") = "RemoteForkCP", "RemoteForkCP\RemoteForkCP.csproj", "{62D1E404-905D-487B-B5D9-3F11617D7904}"
EndProject
Project("{9A19103F-16F7-4668-BE54-9A1E7A4F7556}") = "RemoteFork.Utility", "RemoteFork.Utility\RemoteFork.Utility\RemoteFork.Utility.csproj", "{B32766A3-507E-4E48-B803-E5E0F1C1C28D}"
EndProject
Project("{9A19103F-16F7-4668-BE54-9A1E7A4F7556}") = "RemoteFork.Network", "RemoteFork.Utility\RemoteFork.Network\RemoteFork.Network.csproj", "{3A749D00-85AE-4714-BCB8-E2797F13C6C3}"
EndProject
Project("{9A19103F-16F7-4668-BE54-9A1E7A4F7556}") = "RemoteFork.Plugins", "RemoteFork.Utility\RemoteFork.Plugins\RemoteFork.Plugins.csproj", "{F5A11C99-3F8B-4AA0-B2B7-4D98C6A1AB0B}"
EndProject
Project("{9A19103F-16F7-4668-BE54-9A1E7A4F7556}") = "RemoteFork.Settings", "RemoteFork.Utility\RemoteFork.Settings\RemoteFork.Settings.csproj", "{396DEB84-C6A9-47D9-8C80-D5882030C70B}"
EndProject
Project("{9A19103F-16F7-4668-BE54-9A1E7A4F7556}") = "RemoteFork.Tools", "RemoteFork.Utility\RemoteFork.Tools\RemoteFork.Tools.csproj", "{D5745DAE-18CE-4C81-B0A4-A3E55D638FE3}"
EndProject
Project("{9A19103F-16F7-4668-BE54-9A1E7A4F7556}") = "RemoteFork.Log", "RemoteFork.Utility\RemoteFork.Log\RemoteFork.Log.csproj", "{18EF9615-6585-4EE5-93DB-280ED35CC1D2}"
EndProject
Project("{9A19103F-16F7-4668-BE54-9A1E7A4F7556}") = "RemoteFork.Torrents", "RemoteFork.Utility\RemoteFork.Torrents\RemoteFork.Torrents.csproj", "{1FDA1C92-B54F-4F20-A2B4-94EB9B44EDC4}"
EndProject
Global
	GlobalSection(SolutionConfigurationPlatforms) = preSolution
		Debug|Any CPU = Debug|Any CPU
		Release|Any CPU = Release|Any CPU
	EndGlobalSection
	GlobalSection(ProjectConfigurationPlatforms) = postSolution
		{62D1E404-905D-487B-B5D9-3F11617D7904}.Debug|Any CPU.ActiveCfg = Debug|Any CPU
		{62D1E404-905D-487B-B5D9-3F11617D7904}.Debug|Any CPU.Build.0 = Debug|Any CPU
		{62D1E404-905D-487B-B5D9-3F11617D7904}.Release|Any CPU.ActiveCfg = Release|Any CPU
		{62D1E404-905D-487B-B5D9-3F11617D7904}.Release|Any CPU.Build.0 = Release|Any CPU
		{B32766A3-507E-4E48-B803-E5E0F1C1C28D}.Debug|Any CPU.ActiveCfg = Debug|Any CPU
		{B32766A3-507E-4E48-B803-E5E0F1C1C28D}.Debug|Any CPU.Build.0 = Debug|Any CPU
		{B32766A3-507E-4E48-B803-E5E0F1C1C28D}.Release|Any CPU.ActiveCfg = Release|Any CPU
		{B32766A3-507E-4E48-B803-E5E0F1C1C28D}.Release|Any CPU.Build.0 = Release|Any CPU
		{3A749D00-85AE-4714-BCB8-E2797F13C6C3}.Debug|Any CPU.ActiveCfg = Debug|Any CPU
		{3A749D00-85AE-4714-BCB8-E2797F13C6C3}.Debug|Any CPU.Build.0 = Debug|Any CPU
		{3A749D00-85AE-4714-BCB8-E2797F13C6C3}.Release|Any CPU.ActiveCfg = Release|Any CPU
		{3A749D00-85AE-4714-BCB8-E2797F13C6C3}.Release|Any CPU.Build.0 = Release|Any CPU
		{F5A11C99-3F8B-4AA0-B2B7-4D98C6A1AB0B}.Debug|Any CPU.ActiveCfg = Debug|Any CPU
		{F5A11C99-3F8B-4AA0-B2B7-4D98C6A1AB0B}.Debug|Any CPU.Build.0 = Debug|Any CPU
		{F5A11C99-3F8B-4AA0-B2B7-4D98C6A1AB0B}.Release|Any CPU.ActiveCfg = Release|Any CPU
		{F5A11C99-3F8B-4AA0-B2B7-4D98C6A1AB0B}.Release|Any CPU.Build.0 = Release|Any CPU
		{396DEB84-C6A9-47D9-8C80-D5882030C70B}.Debug|Any CPU.ActiveCfg = Debug|Any CPU
		{396DEB84-C6A9-47D9-8C80-D5882030C70B}.Debug|Any CPU.Build.0 = Debug|Any CPU
		{396DEB84-C6A9-47D9-8C80-D5882030C70B}.Release|Any CPU.ActiveCfg = Release|Any CPU
		{396DEB84-C6A9-47D9-8C80-D5882030C70B}.Release|Any CPU.Build.0 = Release|Any CPU
		{D5745DAE-18CE-4C81-B0A4-A3E55D638FE3}.Debug|Any CPU.ActiveCfg = Debug|Any CPU
		{D5745DAE-18CE-4C81-B0A4-A3E55D638FE3}.Debug|Any CPU.Build.0 = Debug|Any CPU
		{D5745DAE-18CE-4C81-B0A4-A3E55D638FE3}.Release|Any CPU.ActiveCfg = Release|Any CPU
		{D5745DAE-18CE-4C81-B0A4-A3E55D638FE3}.Release|Any CPU.Build.0 = Release|Any CPU
		{18EF9615-6585-4EE5-93DB-280ED35CC1D2}.Debug|Any CPU.ActiveCfg = Debug|Any CPU
		{18EF9615-6585-4EE5-93DB-280ED35CC1D2}.Debug|Any CPU.Build.0 = Debug|Any CPU
		{18EF9615-6585-4EE5-93DB-280ED35CC1D2}.Release|Any CPU.ActiveCfg = Release|Any CPU
		{18EF9615-6585-4EE5-93DB-280ED35CC1D2}.Release|Any CPU.Build.0 = Release|Any CPU
		{1FDA1C92-B54F-4F20-A2B4-94EB9B44EDC4}.Debug|Any CPU.ActiveCfg = Debug|Any CPU
		{1FDA1C92-B54F-4F20-A2B4-94EB9B44EDC4}.Debug|Any CPU.Build.0 = Debug|Any CPU
		{1FDA1C92-B54F-4F20-A2B4-94EB9B44EDC4}.Release|Any CPU.ActiveCfg = Release|Any CPU
		{1FDA1C92-B54F-4F20-A2B4-94EB9B44EDC4}.Release|Any CPU.Build.0 = Release|Any CPU
	EndGlobalSection
	GlobalSection(SolutionProperties) = preSolution
		HideSolutionNode = FALSE
	EndGlobalSection
	GlobalSection(ExtensibilityGlobals) = postSolution
		SolutionGuid = {98639268-8276-469D-8A6B-5F2A58A8AB8C}
	EndGlobalSection
EndGlobal
